
Microsoft Visual Studio Solution File, Format Version 12.00
# Visual Studio Version 17
VisualStudioVersion = 17.9.34622.214
MinimumVisualStudioVersion = 10.0.40219.1
Project("{FAE04EC0-301F-11D3-BF4B-00C04F79EFBC}") = "PracticeProject", "PracticeProject.csproj", "{9908281A-C2F7-4C91-9A3F-C90000E31A6B}"
EndProject
Global
	GlobalSection(SolutionConfigurationPlatforms) = preSolution
		Debug|Any CPU = Debug|Any CPU
		Release|Any CPU = Release|Any CPU
	EndGlobalSection
	GlobalSection(ProjectConfigurationPlatforms) = postSolution
		{9908281A-C2F7-4C91-9A3F-C90000E31A6B}.Debug|Any CPU.ActiveCfg = Debug|Any CPU
		{9908281A-C2F7-4C91-9A3F-C90000E31A6B}.Debug|Any CPU.Build.0 = Debug|Any CPU
		{9908281A-C2F7-4C91-9A3F-C90000E31A6B}.Release|Any CPU.ActiveCfg = Release|Any CPU
		{9908281A-C2F7-4C91-9A3F-C90000E31A6B}.Release|Any CPU.Build.0 = Release|Any CPU
	EndGlobalSection
	GlobalSection(SolutionProperties) = preSolution
		HideSolutionNode = FALSE
	EndGlobalSection
	GlobalSection(ExtensibilityGlobals) = postSolution
		SolutionGuid = {17C28E4C-D9C2-4238-A9FC-3FC0481A95E3}
	EndGlobalSection
EndGlobal
